
Microsoft Visual Studio Solution File, Format Version 12.00
# Visual Studio 15
VisualStudioVersion = 15.0.26403.7
MinimumVisualStudioVersion = 10.0.40219.1
Project("{FAE04EC0-301F-11D3-BF4B-00C04F79EFBC}") = "Casos de pruebas evolutivos", "Casos de pruebas evolutivos\Casos de pruebas evolutivos.csproj", "{E16F8FF3-0155-44CC-85F4-4A94E37CFFED}"
EndProject
Project("{FAE04EC0-301F-11D3-BF4B-00C04F79EFBC}") = "GrafosCasosPrueba", "GrafosCasosPueba\GrafosCasosPrueba.csproj", "{2BF81385-5A5B-43C8-85FD-7A968B1270E4}"
EndProject
Project("{9A19103F-16F7-4668-BE54-9A1E7A4F7556}") = "Genetics", "D:\Mondragon\Universidad\Noveno semestre\Evolutivos\Heurisitcs\Genetics\Genetics.csproj", "{8046196A-5CE9-4E87-8FBD-A3BF48D2064F}"
EndProject
Global
	GlobalSection(SolutionConfigurationPlatforms) = preSolution
		Debug|Any CPU = Debug|Any CPU
		Release|Any CPU = Release|Any CPU
	EndGlobalSection
	GlobalSection(ProjectConfigurationPlatforms) = postSolution
		{E16F8FF3-0155-44CC-85F4-4A94E37CFFED}.Debug|Any CPU.ActiveCfg = Debug|Any CPU
		{E16F8FF3-0155-44CC-85F4-4A94E37CFFED}.Debug|Any CPU.Build.0 = Debug|Any CPU
		{E16F8FF3-0155-44CC-85F4-4A94E37CFFED}.Release|Any CPU.ActiveCfg = Release|Any CPU
		{E16F8FF3-0155-44CC-85F4-4A94E37CFFED}.Release|Any CPU.Build.0 = Release|Any CPU
		{2BF81385-5A5B-43C8-85FD-7A968B1270E4}.Debug|Any CPU.ActiveCfg = Debug|Any CPU
		{2BF81385-5A5B-43C8-85FD-7A968B1270E4}.Debug|Any CPU.Build.0 = Debug|Any CPU
		{2BF81385-5A5B-43C8-85FD-7A968B1270E4}.Release|Any CPU.ActiveCfg = Release|Any CPU
		{2BF81385-5A5B-43C8-85FD-7A968B1270E4}.Release|Any CPU.Build.0 = Release|Any CPU
		{8046196A-5CE9-4E87-8FBD-A3BF48D2064F}.Debug|Any CPU.ActiveCfg = Debug|Any CPU
		{8046196A-5CE9-4E87-8FBD-A3BF48D2064F}.Debug|Any CPU.Build.0 = Debug|Any CPU
		{8046196A-5CE9-4E87-8FBD-A3BF48D2064F}.Release|Any CPU.ActiveCfg = Release|Any CPU
		{8046196A-5CE9-4E87-8FBD-A3BF48D2064F}.Release|Any CPU.Build.0 = Release|Any CPU
	EndGlobalSection
	GlobalSection(SolutionProperties) = preSolution
		HideSolutionNode = FALSE
	EndGlobalSection
EndGlobal
